
Microsoft Visual Studio Solution File, Format Version 12.00
# Visual Studio Version 16
VisualStudioVersion = 16.0.30114.105
MinimumVisualStudioVersion = 10.0.40219.1
Project("{FAE04EC0-301F-11D3-BF4B-00C04F79EFBC}") = "Relations", "Relations\Relations.csproj", "{98242A6B-8A9A-41E3-AB41-1C419883D2D3}"
EndProject
Project("{FAE04EC0-301F-11D3-BF4B-00C04F79EFBC}") = "TestRelations", "TestRelations\TestRelations.csproj", "{968CD374-F02A-4FCA-B52F-3207C7A90A3A}"
EndProject
Project("{FAE04EC0-301F-11D3-BF4B-00C04F79EFBC}") = "ClosureRelations", "ClosureRelations\ClosureRelations.csproj", "{D0C469DB-CD34-470A-8423-DE771513F5E5}"
EndProject
Project("{FAE04EC0-301F-11D3-BF4B-00C04F79EFBC}") = "Factorset", "Factorset\Factorset.csproj", "{A34C699A-BE5E-43C7-B223-7C96B55F65D7}"
EndProject
Project("{FAE04EC0-301F-11D3-BF4B-00C04F79EFBC}") = "OrderedSet", "OrderedSet\OrderedSet.csproj", "{FFFB5438-397E-4161-A0F0-99155D2BDB7D}"
EndProject
Project("{FAE04EC0-301F-11D3-BF4B-00C04F79EFBC}") = "Graph", "Graph\Graph.csproj", "{4526E1A1-56B3-4347-BEC5-F0BA53C9ADA8}"
EndProject
Global
	GlobalSection(SolutionConfigurationPlatforms) = preSolution
		Debug|Any CPU = Debug|Any CPU
		Release|Any CPU = Release|Any CPU
	EndGlobalSection
	GlobalSection(SolutionProperties) = preSolution
		HideSolutionNode = FALSE
	EndGlobalSection
	GlobalSection(ProjectConfigurationPlatforms) = postSolution
		{98242A6B-8A9A-41E3-AB41-1C419883D2D3}.Debug|Any CPU.ActiveCfg = Debug|Any CPU
		{98242A6B-8A9A-41E3-AB41-1C419883D2D3}.Debug|Any CPU.Build.0 = Debug|Any CPU
		{98242A6B-8A9A-41E3-AB41-1C419883D2D3}.Release|Any CPU.ActiveCfg = Release|Any CPU
		{98242A6B-8A9A-41E3-AB41-1C419883D2D3}.Release|Any CPU.Build.0 = Release|Any CPU
		{968CD374-F02A-4FCA-B52F-3207C7A90A3A}.Debug|Any CPU.ActiveCfg = Debug|Any CPU
		{968CD374-F02A-4FCA-B52F-3207C7A90A3A}.Debug|Any CPU.Build.0 = Debug|Any CPU
		{968CD374-F02A-4FCA-B52F-3207C7A90A3A}.Release|Any CPU.ActiveCfg = Release|Any CPU
		{968CD374-F02A-4FCA-B52F-3207C7A90A3A}.Release|Any CPU.Build.0 = Release|Any CPU
		{D0C469DB-CD34-470A-8423-DE771513F5E5}.Debug|Any CPU.ActiveCfg = Debug|Any CPU
		{D0C469DB-CD34-470A-8423-DE771513F5E5}.Debug|Any CPU.Build.0 = Debug|Any CPU
		{D0C469DB-CD34-470A-8423-DE771513F5E5}.Release|Any CPU.ActiveCfg = Release|Any CPU
		{D0C469DB-CD34-470A-8423-DE771513F5E5}.Release|Any CPU.Build.0 = Release|Any CPU
		{A34C699A-BE5E-43C7-B223-7C96B55F65D7}.Debug|Any CPU.ActiveCfg = Debug|Any CPU
		{A34C699A-BE5E-43C7-B223-7C96B55F65D7}.Debug|Any CPU.Build.0 = Debug|Any CPU
		{A34C699A-BE5E-43C7-B223-7C96B55F65D7}.Release|Any CPU.ActiveCfg = Release|Any CPU
		{A34C699A-BE5E-43C7-B223-7C96B55F65D7}.Release|Any CPU.Build.0 = Release|Any CPU
		{FFFB5438-397E-4161-A0F0-99155D2BDB7D}.Debug|Any CPU.ActiveCfg = Debug|Any CPU
		{FFFB5438-397E-4161-A0F0-99155D2BDB7D}.Debug|Any CPU.Build.0 = Debug|Any CPU
		{FFFB5438-397E-4161-A0F0-99155D2BDB7D}.Release|Any CPU.ActiveCfg = Release|Any CPU
		{FFFB5438-397E-4161-A0F0-99155D2BDB7D}.Release|Any CPU.Build.0 = Release|Any CPU
		{4526E1A1-56B3-4347-BEC5-F0BA53C9ADA8}.Debug|Any CPU.ActiveCfg = Debug|Any CPU
		{4526E1A1-56B3-4347-BEC5-F0BA53C9ADA8}.Debug|Any CPU.Build.0 = Debug|Any CPU
		{4526E1A1-56B3-4347-BEC5-F0BA53C9ADA8}.Release|Any CPU.ActiveCfg = Release|Any CPU
		{4526E1A1-56B3-4347-BEC5-F0BA53C9ADA8}.Release|Any CPU.Build.0 = Release|Any CPU
	EndGlobalSection
EndGlobal
